
Microsoft Visual Studio Solution File, Format Version 12.00
# Visual Studio Version 17
VisualStudioVersion = 17.5.33530.505
MinimumVisualStudioVersion = 10.0.40219.1
Project("{9A19103F-16F7-4668-BE54-9A1E7A4F7556}") = "SendEmail Nihira", "SendEmail Nihira\SendEmail Nihira.csproj", "{89633B27-4BFF-40BB-A80E-69CDA43E89FE}"
EndProject
Project("{9A19103F-16F7-4668-BE54-9A1E7A4F7556}") = "WeblearnApi_Nihira", "WeblearnApi Nihira\WeblearnApi_Nihira.csproj", "{8BC33240-EDFE-482D-AE82-09CCA3E7C3A1}"
EndProject
Global
	GlobalSection(SolutionConfigurationPlatforms) = preSolution
		Debug|Any CPU = Debug|Any CPU
		Release|Any CPU = Release|Any CPU
	EndGlobalSection
	GlobalSection(ProjectConfigurationPlatforms) = postSolution
		{89633B27-4BFF-40BB-A80E-69CDA43E89FE}.Debug|Any CPU.ActiveCfg = Debug|Any CPU
		{89633B27-4BFF-40BB-A80E-69CDA43E89FE}.Debug|Any CPU.Build.0 = Debug|Any CPU
		{89633B27-4BFF-40BB-A80E-69CDA43E89FE}.Release|Any CPU.ActiveCfg = Release|Any CPU
		{89633B27-4BFF-40BB-A80E-69CDA43E89FE}.Release|Any CPU.Build.0 = Release|Any CPU
		{8BC33240-EDFE-482D-AE82-09CCA3E7C3A1}.Debug|Any CPU.ActiveCfg = Debug|Any CPU
		{8BC33240-EDFE-482D-AE82-09CCA3E7C3A1}.Debug|Any CPU.Build.0 = Debug|Any CPU
		{8BC33240-EDFE-482D-AE82-09CCA3E7C3A1}.Release|Any CPU.ActiveCfg = Release|Any CPU
		{8BC33240-EDFE-482D-AE82-09CCA3E7C3A1}.Release|Any CPU.Build.0 = Release|Any CPU
	EndGlobalSection
	GlobalSection(SolutionProperties) = preSolution
		HideSolutionNode = FALSE
	EndGlobalSection
	GlobalSection(ExtensibilityGlobals) = postSolution
		SolutionGuid = {5DEDCB0F-1437-4757-8C2D-59A17C141873}
	EndGlobalSection
EndGlobal
