
Microsoft Visual Studio Solution File, Format Version 12.00
# Visual Studio Version 17
VisualStudioVersion = 17.5.33530.505
MinimumVisualStudioVersion = 10.0.40219.1
Project("{FAE04EC0-301F-11D3-BF4B-00C04F79EFBC}") = "LinkExamPrep", "LinkExamPrep\LinkExamPrep.csproj", "{EF02EECC-A935-49DA-87F4-D73CDD26D574}"
EndProject
Global
	GlobalSection(SolutionConfigurationPlatforms) = preSolution
		Debug|Any CPU = Debug|Any CPU
		Release|Any CPU = Release|Any CPU
	EndGlobalSection
	GlobalSection(ProjectConfigurationPlatforms) = postSolution
		{EF02EECC-A935-49DA-87F4-D73CDD26D574}.Debug|Any CPU.ActiveCfg = Debug|Any CPU
		{EF02EECC-A935-49DA-87F4-D73CDD26D574}.Debug|Any CPU.Build.0 = Debug|Any CPU
		{EF02EECC-A935-49DA-87F4-D73CDD26D574}.Release|Any CPU.ActiveCfg = Release|Any CPU
		{EF02EECC-A935-49DA-87F4-D73CDD26D574}.Release|Any CPU.Build.0 = Release|Any CPU
	EndGlobalSection
	GlobalSection(SolutionProperties) = preSolution
		HideSolutionNode = FALSE
	EndGlobalSection
	GlobalSection(ExtensibilityGlobals) = postSolution
		SolutionGuid = {40B461AF-D674-4B9F-A44D-AFBCFA8E605C}
	EndGlobalSection
EndGlobal
