
Microsoft Visual Studio Solution File, Format Version 12.00
# Visual Studio Version 17
VisualStudioVersion = 17.5.33530.505
MinimumVisualStudioVersion = 10.0.40219.1
Project("{FAE04EC0-301F-11D3-BF4B-00C04F79EFBC}") = "NET 7  Build CRUD with Web API EF Core Repository Mohamaa Lawand", "NET 7  Build CRUD with Web API EF Core Repository Mohamaa Lawand\NET 7  Build CRUD with Web API EF Core Repository Mohamaa Lawand.csproj", "{FBF95B9A-ABA9-42DA-A283-3B56BC94E71E}"
EndProject
Global
	GlobalSection(SolutionConfigurationPlatforms) = preSolution
		Debug|Any CPU = Debug|Any CPU
		Release|Any CPU = Release|Any CPU
	EndGlobalSection
	GlobalSection(ProjectConfigurationPlatforms) = postSolution
		{FBF95B9A-ABA9-42DA-A283-3B56BC94E71E}.Debug|Any CPU.ActiveCfg = Debug|Any CPU
		{FBF95B9A-ABA9-42DA-A283-3B56BC94E71E}.Debug|Any CPU.Build.0 = Debug|Any CPU
		{FBF95B9A-ABA9-42DA-A283-3B56BC94E71E}.Release|Any CPU.ActiveCfg = Release|Any CPU
		{FBF95B9A-ABA9-42DA-A283-3B56BC94E71E}.Release|Any CPU.Build.0 = Release|Any CPU
	EndGlobalSection
	GlobalSection(SolutionProperties) = preSolution
		HideSolutionNode = FALSE
	EndGlobalSection
	GlobalSection(ExtensibilityGlobals) = postSolution
		SolutionGuid = {38263DDB-7F8D-4B2B-AE12-E2398860F55F}
	EndGlobalSection
EndGlobal
