
Microsoft Visual Studio Solution File, Format Version 12.00
# Visual Studio Version 17
VisualStudioVersion = 17.5.33530.505
MinimumVisualStudioVersion = 10.0.40219.1
Project("{FAE04EC0-301F-11D3-BF4B-00C04F79EFBC}") = "lab1 q1", "lab1 q1\lab1 q1.csproj", "{13F9F80B-AEA6-4D98-8878-4AABC116C722}"
EndProject
Global
	GlobalSection(SolutionConfigurationPlatforms) = preSolution
		Debug|Any CPU = Debug|Any CPU
		Release|Any CPU = Release|Any CPU
	EndGlobalSection
	GlobalSection(ProjectConfigurationPlatforms) = postSolution
		{13F9F80B-AEA6-4D98-8878-4AABC116C722}.Debug|Any CPU.ActiveCfg = Debug|Any CPU
		{13F9F80B-AEA6-4D98-8878-4AABC116C722}.Debug|Any CPU.Build.0 = Debug|Any CPU
		{13F9F80B-AEA6-4D98-8878-4AABC116C722}.Release|Any CPU.ActiveCfg = Release|Any CPU
		{13F9F80B-AEA6-4D98-8878-4AABC116C722}.Release|Any CPU.Build.0 = Release|Any CPU
	EndGlobalSection
	GlobalSection(SolutionProperties) = preSolution
		HideSolutionNode = FALSE
	EndGlobalSection
	GlobalSection(ExtensibilityGlobals) = postSolution
		SolutionGuid = {027550E4-E5E5-4DF3-9D59-1F6E1BA9CF3A}
	EndGlobalSection
EndGlobal
