
Microsoft Visual Studio Solution File, Format Version 12.00
# Visual Studio Version 17
VisualStudioVersion = 17.5.33530.505
MinimumVisualStudioVersion = 10.0.40219.1
Project("{FAE04EC0-301F-11D3-BF4B-00C04F79EFBC}") = "NET 7 - Minimal APIs - New Features  Mohamad", "NET 7 - Minimal APIs - New Features  Mohamad\NET 7 - Minimal APIs - New Features  Mohamad.csproj", "{07683327-0C39-47B5-A659-AF46E317D0B9}"
EndProject
Global
	GlobalSection(SolutionConfigurationPlatforms) = preSolution
		Debug|Any CPU = Debug|Any CPU
		Release|Any CPU = Release|Any CPU
	EndGlobalSection
	GlobalSection(ProjectConfigurationPlatforms) = postSolution
		{07683327-0C39-47B5-A659-AF46E317D0B9}.Debug|Any CPU.ActiveCfg = Debug|Any CPU
		{07683327-0C39-47B5-A659-AF46E317D0B9}.Debug|Any CPU.Build.0 = Debug|Any CPU
		{07683327-0C39-47B5-A659-AF46E317D0B9}.Release|Any CPU.ActiveCfg = Release|Any CPU
		{07683327-0C39-47B5-A659-AF46E317D0B9}.Release|Any CPU.Build.0 = Release|Any CPU
	EndGlobalSection
	GlobalSection(SolutionProperties) = preSolution
		HideSolutionNode = FALSE
	EndGlobalSection
	GlobalSection(ExtensibilityGlobals) = postSolution
		SolutionGuid = {8C6FE1D1-2CA2-4C92-A11B-C349E8243FC3}
	EndGlobalSection
EndGlobal
