
Microsoft Visual Studio Solution File, Format Version 12.00
# Visual Studio Version 17
VisualStudioVersion = 17.5.33530.505
MinimumVisualStudioVersion = 10.0.40219.1
Project("{FAE04EC0-301F-11D3-BF4B-00C04F79EFBC}") = "Unit Moh", "Unit Moh\Unit Moh.csproj", "{0EB1C826-9AD9-4144-A0C3-84737DF2DB05}"
EndProject
Project("{FAE04EC0-301F-11D3-BF4B-00C04F79EFBC}") = "XunitFans", "XunitFans\XunitFans.csproj", "{CCF8F7FB-16B7-42F0-AA44-AE9E6EB904F2}"
EndProject
Global
	GlobalSection(SolutionConfigurationPlatforms) = preSolution
		Debug|Any CPU = Debug|Any CPU
		Release|Any CPU = Release|Any CPU
	EndGlobalSection
	GlobalSection(ProjectConfigurationPlatforms) = postSolution
		{0EB1C826-9AD9-4144-A0C3-84737DF2DB05}.Debug|Any CPU.ActiveCfg = Debug|Any CPU
		{0EB1C826-9AD9-4144-A0C3-84737DF2DB05}.Debug|Any CPU.Build.0 = Debug|Any CPU
		{0EB1C826-9AD9-4144-A0C3-84737DF2DB05}.Release|Any CPU.ActiveCfg = Release|Any CPU
		{0EB1C826-9AD9-4144-A0C3-84737DF2DB05}.Release|Any CPU.Build.0 = Release|Any CPU
		{CCF8F7FB-16B7-42F0-AA44-AE9E6EB904F2}.Debug|Any CPU.ActiveCfg = Debug|Any CPU
		{CCF8F7FB-16B7-42F0-AA44-AE9E6EB904F2}.Debug|Any CPU.Build.0 = Debug|Any CPU
		{CCF8F7FB-16B7-42F0-AA44-AE9E6EB904F2}.Release|Any CPU.ActiveCfg = Release|Any CPU
		{CCF8F7FB-16B7-42F0-AA44-AE9E6EB904F2}.Release|Any CPU.Build.0 = Release|Any CPU
	EndGlobalSection
	GlobalSection(SolutionProperties) = preSolution
		HideSolutionNode = FALSE
	EndGlobalSection
	GlobalSection(ExtensibilityGlobals) = postSolution
		SolutionGuid = {C2FB03A7-88B3-400E-A377-9A4F5E2BEC5D}
	EndGlobalSection
EndGlobal
