
Microsoft Visual Studio Solution File, Format Version 12.00
# Visual Studio Version 17
VisualStudioVersion = 17.5.33530.505
MinimumVisualStudioVersion = 10.0.40219.1
Project("{FAE04EC0-301F-11D3-BF4B-00C04F79EFBC}") = "LinqExamPrep", "LinqExamPrep\LinqExamPrep.csproj", "{90ABFE78-8CC2-4A5C-A6F9-7F4F016A0653}"
EndProject
Project("{FAE04EC0-301F-11D3-BF4B-00C04F79EFBC}") = "Linq", "Linq\Linq.csproj", "{86262E62-E2B4-4B84-BA6B-7200468E7E5E}"
EndProject
Project("{FAE04EC0-301F-11D3-BF4B-00C04F79EFBC}") = "LINQPART2", "LINQPART2\LINQPART2.csproj", "{63457E93-7079-4C90-8421-F57E431BB335}"
EndProject
Global
	GlobalSection(SolutionConfigurationPlatforms) = preSolution
		Debug|Any CPU = Debug|Any CPU
		Release|Any CPU = Release|Any CPU
	EndGlobalSection
	GlobalSection(ProjectConfigurationPlatforms) = postSolution
		{90ABFE78-8CC2-4A5C-A6F9-7F4F016A0653}.Debug|Any CPU.ActiveCfg = Debug|Any CPU
		{90ABFE78-8CC2-4A5C-A6F9-7F4F016A0653}.Debug|Any CPU.Build.0 = Debug|Any CPU
		{90ABFE78-8CC2-4A5C-A6F9-7F4F016A0653}.Release|Any CPU.ActiveCfg = Release|Any CPU
		{90ABFE78-8CC2-4A5C-A6F9-7F4F016A0653}.Release|Any CPU.Build.0 = Release|Any CPU
		{86262E62-E2B4-4B84-BA6B-7200468E7E5E}.Debug|Any CPU.ActiveCfg = Debug|Any CPU
		{86262E62-E2B4-4B84-BA6B-7200468E7E5E}.Debug|Any CPU.Build.0 = Debug|Any CPU
		{86262E62-E2B4-4B84-BA6B-7200468E7E5E}.Release|Any CPU.ActiveCfg = Release|Any CPU
		{86262E62-E2B4-4B84-BA6B-7200468E7E5E}.Release|Any CPU.Build.0 = Release|Any CPU
		{63457E93-7079-4C90-8421-F57E431BB335}.Debug|Any CPU.ActiveCfg = Debug|Any CPU
		{63457E93-7079-4C90-8421-F57E431BB335}.Debug|Any CPU.Build.0 = Debug|Any CPU
		{63457E93-7079-4C90-8421-F57E431BB335}.Release|Any CPU.ActiveCfg = Release|Any CPU
		{63457E93-7079-4C90-8421-F57E431BB335}.Release|Any CPU.Build.0 = Release|Any CPU
	EndGlobalSection
	GlobalSection(SolutionProperties) = preSolution
		HideSolutionNode = FALSE
	EndGlobalSection
	GlobalSection(ExtensibilityGlobals) = postSolution
		SolutionGuid = {BE55366E-D407-4B1B-A90B-34744DA72D44}
	EndGlobalSection
EndGlobal
