
Microsoft Visual Studio Solution File, Format Version 12.00
# Visual Studio Version 17
VisualStudioVersion = 17.5.33530.505
MinimumVisualStudioVersion = 10.0.40219.1
Project("{9A19103F-16F7-4668-BE54-9A1E7A4F7556}") = "ToDoApi", "ToDoApi\ToDoApi.csproj", "{6169745B-1B22-42FC-BBD5-9BAE8584BD0B}"
EndProject
Project("{9A19103F-16F7-4668-BE54-9A1E7A4F7556}") = "ToDoMauiApp", "ToDoMauiApp\ToDoMauiApp.csproj", "{AE66CACE-79B7-4D7F-8B25-FBBF9F9908B3}"
	ProjectSection(ProjectDependencies) = postProject
		{6169745B-1B22-42FC-BBD5-9BAE8584BD0B} = {6169745B-1B22-42FC-BBD5-9BAE8584BD0B}
	EndProjectSection
EndProject
Global
	GlobalSection(SolutionConfigurationPlatforms) = preSolution
		Debug|Any CPU = Debug|Any CPU
		Release|Any CPU = Release|Any CPU
	EndGlobalSection
	GlobalSection(ProjectConfigurationPlatforms) = postSolution
		{6169745B-1B22-42FC-BBD5-9BAE8584BD0B}.Debug|Any CPU.ActiveCfg = Debug|Any CPU
		{6169745B-1B22-42FC-BBD5-9BAE8584BD0B}.Debug|Any CPU.Build.0 = Debug|Any CPU
		{6169745B-1B22-42FC-BBD5-9BAE8584BD0B}.Release|Any CPU.ActiveCfg = Release|Any CPU
		{6169745B-1B22-42FC-BBD5-9BAE8584BD0B}.Release|Any CPU.Build.0 = Release|Any CPU
		{AE66CACE-79B7-4D7F-8B25-FBBF9F9908B3}.Debug|Any CPU.ActiveCfg = Debug|Any CPU
		{AE66CACE-79B7-4D7F-8B25-FBBF9F9908B3}.Debug|Any CPU.Build.0 = Debug|Any CPU
		{AE66CACE-79B7-4D7F-8B25-FBBF9F9908B3}.Debug|Any CPU.Deploy.0 = Debug|Any CPU
		{AE66CACE-79B7-4D7F-8B25-FBBF9F9908B3}.Release|Any CPU.ActiveCfg = Release|Any CPU
		{AE66CACE-79B7-4D7F-8B25-FBBF9F9908B3}.Release|Any CPU.Build.0 = Release|Any CPU
		{AE66CACE-79B7-4D7F-8B25-FBBF9F9908B3}.Release|Any CPU.Deploy.0 = Release|Any CPU
	EndGlobalSection
	GlobalSection(SolutionProperties) = preSolution
		HideSolutionNode = FALSE
	EndGlobalSection
	GlobalSection(ExtensibilityGlobals) = postSolution
		SolutionGuid = {CD73E2B6-1B22-4930-A828-E1070572C3C1}
	EndGlobalSection
EndGlobal
