
Microsoft Visual Studio Solution File, Format Version 12.00
# Visual Studio Version 17
VisualStudioVersion = 17.5.33530.505
MinimumVisualStudioVersion = 10.0.40219.1
Project("{FAE04EC0-301F-11D3-BF4B-00C04F79EFBC}") = "TeddyMvc", "TeddyMvc\TeddyMvc.csproj", "{81C5D0CD-77CC-4CB4-8C18-275A6CC35F85}"
EndProject
Global
	GlobalSection(SolutionConfigurationPlatforms) = preSolution
		Debug|Any CPU = Debug|Any CPU
		Release|Any CPU = Release|Any CPU
	EndGlobalSection
	GlobalSection(ProjectConfigurationPlatforms) = postSolution
		{81C5D0CD-77CC-4CB4-8C18-275A6CC35F85}.Debug|Any CPU.ActiveCfg = Debug|Any CPU
		{81C5D0CD-77CC-4CB4-8C18-275A6CC35F85}.Debug|Any CPU.Build.0 = Debug|Any CPU
		{81C5D0CD-77CC-4CB4-8C18-275A6CC35F85}.Release|Any CPU.ActiveCfg = Release|Any CPU
		{81C5D0CD-77CC-4CB4-8C18-275A6CC35F85}.Release|Any CPU.Build.0 = Release|Any CPU
	EndGlobalSection
	GlobalSection(SolutionProperties) = preSolution
		HideSolutionNode = FALSE
	EndGlobalSection
	GlobalSection(ExtensibilityGlobals) = postSolution
		SolutionGuid = {15283076-E29D-43F8-9347-D0E664E6BF38}
	EndGlobalSection
EndGlobal
